Microsoft Visual Studio Solution File, Format Version 12.00
# Visual Studio Version 17
VisualStudioVersion = 17.1.32328.378
MinimumVisualStudioVersion = 10.0.40219.1
Project("{FAE04EC0-301F-11D3-BF4B-00C04F79EFBC}") = "RemoteAppsPlugin", "RemoteAppsPlugin\RemoteAppsPlugin.csproj", "{8F32CD70-8A6C-4369-A3BC-3ABFFC8733F4}"
EndProject
Project("{2150E333-8FDC-42A3-9474-1A3956D46DE8}") = "Solution Items", "Solution Items", "{1E53451E-31A7-4B98-9EB7-398A06864E73}"
	ProjectSection(SolutionItems) = preProject
		build-plugin.ps1 = build-plugin.ps1
		LICENSE = LICENSE
		LoupedeckPackage.yaml = LoupedeckPackage.yaml
		README.md = README.md
	EndProjectSection
EndProject
Project("{2150E333-8FDC-42A3-9474-1A3956D46DE8}") = ".github", ".github", "{0C179F79-C216-430C-A866-22579106F348}"
	ProjectSection(SolutionItems) = preProject
		.github\ISSUE_TEMPLATE.md = .github\ISSUE_TEMPLATE.md
		.github\PULL_REQUEST_TEMPLATE.md = .github\PULL_REQUEST_TEMPLATE.md
	EndProjectSection
EndProject
Global
	GlobalSection(SolutionConfigurationPlatforms) = preSolution
		Debug|Any CPU = Debug|Any CPU
		Release|Any CPU = Release|Any CPU
	EndGlobalSection
	GlobalSection(ProjectConfigurationPlatforms) = postSolution
		{8F32CD70-8A6C-4369-A3BC-3ABFFC8733F4}.Debug|Any CPU.ActiveCfg = Debug|Any CPU
		{8F32CD70-8A6C-4369-A3BC-3ABFFC8733F4}.Debug|Any CPU.Build.0 = Debug|Any CPU
		{8F32CD70-8A6C-4369-A3BC-3ABFFC8733F4}.Release|Any CPU.ActiveCfg = Release|Any CPU
		{8F32CD70-8A6C-4369-A3BC-3ABFFC8733F4}.Release|Any CPU.Build.0 = Release|Any CPU
	EndGlobalSection
	GlobalSection(SolutionProperties) = preSolution
		HideSolutionNode = FALSE
	EndGlobalSection
	GlobalSection(ExtensibilityGlobals) = postSolution
		SolutionGuid = {ED3F4907-3B92-4E86-A1B9-00C6B8061AC4}
	EndGlobalSection
EndGlobal
